
Microsoft Visual Studio Solution File, Format Version 12.00
# Visual Studio 2013
VisualStudioVersion = 12.0.30723.0
MinimumVisualStudioVersion = 10.0.40219.1
Project("{FAE04EC0-301F-11D3-BF4B-00C04F79EFBC}") = "iRuler", "iRuler.csproj", "{B26C5CEC-943D-48F3-A052-DA8E1684832A}"
EndProject
Project("{54435603-DBB4-11D2-8724-00A0C9A8B90C}") = "iRulerSetup", "..\iRulerSetup\iRulerSetup.vdproj", "{FFC4B1F5-82DF-40ED-8318-BA9F86234717}"
EndProject
Project("{FAE04EC0-301F-11D3-BF4B-00C04F79EFBC}") = "iRulerUpdater", "..\iRulerUpdater\iRulerUpdater.csproj", "{58AC9DCD-14F3-45DE-8423-A734E61791CB}"
EndProject
Project("{FAE04EC0-301F-11D3-BF4B-00C04F79EFBC}") = "iRulerUpdaterCloser", "..\iRulerUpdaterCloser\iRulerUpdaterCloser.csproj", "{799A81CD-025B-4E44-860E-85D5672B1192}"
EndProject
Project("{6141683F-8A12-4E36-9623-2EB02B2C2303}") = "iRuleEditorSetup", "..\iRuleEditorSetup\iRuleEditorSetup.isproj", "{9B3CA258-BD89-481F-8CDE-10009A33C445}"
	ProjectSection(ProjectDependencies) = postProject
		{799A81CD-025B-4E44-860E-85D5672B1192} = {799A81CD-025B-4E44-860E-85D5672B1192}
		{58AC9DCD-14F3-45DE-8423-A734E61791CB} = {58AC9DCD-14F3-45DE-8423-A734E61791CB}
	EndProjectSection
EndProject
Global
	GlobalSection(SolutionConfigurationPlatforms) = preSolution
		CD_ROM|Any CPU = CD_ROM|Any CPU
		CD_ROM|Mixed Platforms = CD_ROM|Mixed Platforms
		CD_ROM|x64 = CD_ROM|x64
		CD_ROM|x86 = CD_ROM|x86
		Debug|Any CPU = Debug|Any CPU
		Debug|Mixed Platforms = Debug|Mixed Platforms
		Debug|x64 = Debug|x64
		Debug|x86 = Debug|x86
		DVD-5|Any CPU = DVD-5|Any CPU
		DVD-5|Mixed Platforms = DVD-5|Mixed Platforms
		DVD-5|x64 = DVD-5|x64
		DVD-5|x86 = DVD-5|x86
		Release|Any CPU = Release|Any CPU
		Release|Mixed Platforms = Release|Mixed Platforms
		Release|x64 = Release|x64
		Release|x86 = Release|x86
		SingleImage|Any CPU = SingleImage|Any CPU
		SingleImage|Mixed Platforms = SingleImage|Mixed Platforms
		SingleImage|x64 = SingleImage|x64
		SingleImage|x86 = SingleImage|x86
	EndGlobalSection
	GlobalSection(ProjectConfigurationPlatforms) = postSolution
		{B26C5CEC-943D-48F3-A052-DA8E1684832A}.CD_ROM|Any CPU.ActiveCfg = Release|Any CPU
		{B26C5CEC-943D-48F3-A052-DA8E1684832A}.CD_ROM|Any CPU.Build.0 = Release|Any CPU
		{B26C5CEC-943D-48F3-A052-DA8E1684832A}.CD_ROM|Mixed Platforms.ActiveCfg = Release|x86
		{B26C5CEC-943D-48F3-A052-DA8E1684832A}.CD_ROM|Mixed Platforms.Build.0 = Release|x86
		{B26C5CEC-943D-48F3-A052-DA8E1684832A}.CD_ROM|x64.ActiveCfg = Release|Any CPU
		{B26C5CEC-943D-48F3-A052-DA8E1684832A}.CD_ROM|x86.ActiveCfg = Release|x86
		{B26C5CEC-943D-48F3-A052-DA8E1684832A}.CD_ROM|x86.Build.0 = Release|x86
		{B26C5CEC-943D-48F3-A052-DA8E1684832A}.Debug|Any CPU.ActiveCfg = Debug|Any CPU
		{B26C5CEC-943D-48F3-A052-DA8E1684832A}.Debug|Any CPU.Build.0 = Debug|Any CPU
		{B26C5CEC-943D-48F3-A052-DA8E1684832A}.Debug|Mixed Platforms.ActiveCfg = Debug|x86
		{B26C5CEC-943D-48F3-A052-DA8E1684832A}.Debug|Mixed Platforms.Build.0 = Debug|x86
		{B26C5CEC-943D-48F3-A052-DA8E1684832A}.Debug|x64.ActiveCfg = Debug|Any CPU
		{B26C5CEC-943D-48F3-A052-DA8E1684832A}.Debug|x86.ActiveCfg = Debug|x86
		{B26C5CEC-943D-48F3-A052-DA8E1684832A}.Debug|x86.Build.0 = Debug|x86
		{B26C5CEC-943D-48F3-A052-DA8E1684832A}.DVD-5|Any CPU.ActiveCfg = Debug|Any CPU
		{B26C5CEC-943D-48F3-A052-DA8E1684832A}.DVD-5|Any CPU.Build.0 = Debug|Any CPU
		{B26C5CEC-943D-48F3-A052-DA8E1684832A}.DVD-5|Mixed Platforms.ActiveCfg = Debug|x86
		{B26C5CEC-943D-48F3-A052-DA8E1684832A}.DVD-5|Mixed Platforms.Build.0 = Debug|x86
		{B26C5CEC-943D-48F3-A052-DA8E1684832A}.DVD-5|x64.ActiveCfg = Debug|Any CPU
		{B26C5CEC-943D-48F3-A052-DA8E1684832A}.DVD-5|x86.ActiveCfg = Debug|x86
		{B26C5CEC-943D-48F3-A052-DA8E1684832A}.DVD-5|x86.Build.0 = Debug|x86
		{B26C5CEC-943D-48F3-A052-DA8E1684832A}.Release|Any CPU.ActiveCfg = Release|Any CPU
		{B26C5CEC-943D-48F3-A052-DA8E1684832A}.Release|Any CPU.Build.0 = Release|Any CPU
		{B26C5CEC-943D-48F3-A052-DA8E1684832A}.Release|Mixed Platforms.ActiveCfg = Release|x86
		{B26C5CEC-943D-48F3-A052-DA8E1684832A}.Release|Mixed Platforms.Build.0 = Release|x86
		{B26C5CEC-943D-48F3-A052-DA8E1684832A}.Release|x64.ActiveCfg = Release|Any CPU
		{B26C5CEC-943D-48F3-A052-DA8E1684832A}.Release|x86.ActiveCfg = Release|x86
		{B26C5CEC-943D-48F3-A052-DA8E1684832A}.Release|x86.Build.0 = Release|x86
		{B26C5CEC-943D-48F3-A052-DA8E1684832A}.SingleImage|Any CPU.ActiveCfg = Release|Any CPU
		{B26C5CEC-943D-48F3-A052-DA8E1684832A}.SingleImage|Any CPU.Build.0 = Release|Any CPU
		{B26C5CEC-943D-48F3-A052-DA8E1684832A}.SingleImage|Mixed Platforms.ActiveCfg = Release|x86
		{B26C5CEC-943D-48F3-A052-DA8E1684832A}.SingleImage|Mixed Platforms.Build.0 = Release|x86
		{B26C5CEC-943D-48F3-A052-DA8E1684832A}.SingleImage|x64.ActiveCfg = Release|Any CPU
		{B26C5CEC-943D-48F3-A052-DA8E1684832A}.SingleImage|x86.ActiveCfg = Release|x86
		{B26C5CEC-943D-48F3-A052-DA8E1684832A}.SingleImage|x86.Build.0 = Release|x86
		{FFC4B1F5-82DF-40ED-8318-BA9F86234717}.CD_ROM|Any CPU.ActiveCfg = Release
		{FFC4B1F5-82DF-40ED-8318-BA9F86234717}.CD_ROM|Mixed Platforms.ActiveCfg = Release
		{FFC4B1F5-82DF-40ED-8318-BA9F86234717}.CD_ROM|x64.ActiveCfg = Release
		{FFC4B1F5-82DF-40ED-8318-BA9F86234717}.CD_ROM|x86.ActiveCfg = Release
		{FFC4B1F5-82DF-40ED-8318-BA9F86234717}.Debug|Any CPU.ActiveCfg = Debug
		{FFC4B1F5-82DF-40ED-8318-BA9F86234717}.Debug|Mixed Platforms.ActiveCfg = Debug
		{FFC4B1F5-82DF-40ED-8318-BA9F86234717}.Debug|x64.ActiveCfg = Debug
		{FFC4B1F5-82DF-40ED-8318-BA9F86234717}.Debug|x64.Build.0 = Debug
		{FFC4B1F5-82DF-40ED-8318-BA9F86234717}.Debug|x86.ActiveCfg = Debug
		{FFC4B1F5-82DF-40ED-8318-BA9F86234717}.Debug|x86.Build.0 = Debug
		{FFC4B1F5-82DF-40ED-8318-BA9F86234717}.DVD-5|Any CPU.ActiveCfg = Debug
		{FFC4B1F5-82DF-40ED-8318-BA9F86234717}.DVD-5|Mixed Platforms.ActiveCfg = Debug
		{FFC4B1F5-82DF-40ED-8318-BA9F86234717}.DVD-5|x64.ActiveCfg = Debug
		{FFC4B1F5-82DF-40ED-8318-BA9F86234717}.DVD-5|x86.ActiveCfg = Debug
		{FFC4B1F5-82DF-40ED-8318-BA9F86234717}.Release|Any CPU.ActiveCfg = Release
		{FFC4B1F5-82DF-40ED-8318-BA9F86234717}.Release|Mixed Platforms.ActiveCfg = Release
		{FFC4B1F5-82DF-40ED-8318-BA9F86234717}.Release|x64.ActiveCfg = Release
		{FFC4B1F5-82DF-40ED-8318-BA9F86234717}.Release|x64.Build.0 = Release
		{FFC4B1F5-82DF-40ED-8318-BA9F86234717}.Release|x86.ActiveCfg = Release
		{FFC4B1F5-82DF-40ED-8318-BA9F86234717}.Release|x86.Build.0 = Release
		{FFC4B1F5-82DF-40ED-8318-BA9F86234717}.SingleImage|Any CPU.ActiveCfg = Release
		{FFC4B1F5-82DF-40ED-8318-BA9F86234717}.SingleImage|Mixed Platforms.ActiveCfg = Release
		{FFC4B1F5-82DF-40ED-8318-BA9F86234717}.SingleImage|x64.ActiveCfg = Release
		{FFC4B1F5-82DF-40ED-8318-BA9F86234717}.SingleImage|x86.ActiveCfg = Release
		{58AC9DCD-14F3-45DE-8423-A734E61791CB}.CD_ROM|Any CPU.ActiveCfg = Release|Any CPU
		{58AC9DCD-14F3-45DE-8423-A734E61791CB}.CD_ROM|Any CPU.Build.0 = Release|Any CPU
		{58AC9DCD-14F3-45DE-8423-A734E61791CB}.CD_ROM|Mixed Platforms.ActiveCfg = Release|Any CPU
		{58AC9DCD-14F3-45DE-8423-A734E61791CB}.CD_ROM|Mixed Platforms.Build.0 = Release|Any CPU
		{58AC9DCD-14F3-45DE-8423-A734E61791CB}.CD_ROM|x64.ActiveCfg = Release|Any CPU
		{58AC9DCD-14F3-45DE-8423-A734E61791CB}.CD_ROM|x86.ActiveCfg = Release|Any CPU
		{58AC9DCD-14F3-45DE-8423-A734E61791CB}.Debug|Any CPU.ActiveCfg = Debug|Any CPU
		{58AC9DCD-14F3-45DE-8423-A734E61791CB}.Debug|Any CPU.Build.0 = Debug|Any CPU
		{58AC9DCD-14F3-45DE-8423-A734E61791CB}.Debug|Mixed Platforms.ActiveCfg = Debug|Any CPU
		{58AC9DCD-14F3-45DE-8423-A734E61791CB}.Debug|Mixed Platforms.Build.0 = Debug|Any CPU
		{58AC9DCD-14F3-45DE-8423-A734E61791CB}.Debug|x64.ActiveCfg = Debug|Any CPU
		{58AC9DCD-14F3-45DE-8423-A734E61791CB}.Debug|x86.ActiveCfg = Debug|Any CPU
		{58AC9DCD-14F3-45DE-8423-A734E61791CB}.DVD-5|Any CPU.ActiveCfg = Debug|Any CPU
		{58AC9DCD-14F3-45DE-8423-A734E61791CB}.DVD-5|Any CPU.Build.0 = Debug|Any CPU
		{58AC9DCD-14F3-45DE-8423-A734E61791CB}.DVD-5|Mixed Platforms.ActiveCfg = Debug|Any CPU
		{58AC9DCD-14F3-45DE-8423-A734E61791CB}.DVD-5|Mixed Platforms.Build.0 = Debug|Any CPU
		{58AC9DCD-14F3-45DE-8423-A734E61791CB}.DVD-5|x64.ActiveCfg = Debug|Any CPU
		{58AC9DCD-14F3-45DE-8423-A734E61791CB}.DVD-5|x86.ActiveCfg = Debug|Any CPU
		{58AC9DCD-14F3-45DE-8423-A734E61791CB}.Release|Any CPU.ActiveCfg = Release|Any CPU
		{58AC9DCD-14F3-45DE-8423-A734E61791CB}.Release|Any CPU.Build.0 = Release|Any CPU
		{58AC9DCD-14F3-45DE-8423-A734E61791CB}.Release|Mixed Platforms.ActiveCfg = Release|Any CPU
		{58AC9DCD-14F3-45DE-8423-A734E61791CB}.Release|Mixed Platforms.Build.0 = Release|Any CPU
		{58AC9DCD-14F3-45DE-8423-A734E61791CB}.Release|x64.ActiveCfg = Release|Any CPU
		{58AC9DCD-14F3-45DE-8423-A734E61791CB}.Release|x86.ActiveCfg = Release|Any CPU
		{58AC9DCD-14F3-45DE-8423-A734E61791CB}.SingleImage|Any CPU.ActiveCfg = Release|Any CPU
		{58AC9DCD-14F3-45DE-8423-A734E61791CB}.SingleImage|Any CPU.Build.0 = Release|Any CPU
		{58AC9DCD-14F3-45DE-8423-A734E61791CB}.SingleImage|Mixed Platforms.ActiveCfg = Release|Any CPU
		{58AC9DCD-14F3-45DE-8423-A734E61791CB}.SingleImage|Mixed Platforms.Build.0 = Release|Any CPU
		{58AC9DCD-14F3-45DE-8423-A734E61791CB}.SingleImage|x64.ActiveCfg = Release|Any CPU
		{58AC9DCD-14F3-45DE-8423-A734E61791CB}.SingleImage|x86.ActiveCfg = Release|Any CPU
		{799A81CD-025B-4E44-860E-85D5672B1192}.CD_ROM|Any CPU.ActiveCfg = Release|x86
		{799A81CD-025B-4E44-860E-85D5672B1192}.CD_ROM|Mixed Platforms.ActiveCfg = Release|x86
		{799A81CD-025B-4E44-860E-85D5672B1192}.CD_ROM|Mixed Platforms.Build.0 = Release|x86
		{799A81CD-025B-4E44-860E-85D5672B1192}.CD_ROM|x64.ActiveCfg = Release|x86
		{799A81CD-025B-4E44-860E-85D5672B1192}.CD_ROM|x86.ActiveCfg = Release|x86
		{799A81CD-025B-4E44-860E-85D5672B1192}.CD_ROM|x86.Build.0 = Release|x86
		{799A81CD-025B-4E44-860E-85D5672B1192}.Debug|Any CPU.ActiveCfg = Debug|x86
		{799A81CD-025B-4E44-860E-85D5672B1192}.Debug|Mixed Platforms.ActiveCfg = Debug|x86
		{799A81CD-025B-4E44-860E-85D5672B1192}.Debug|Mixed Platforms.Build.0 = Debug|x86
		{799A81CD-025B-4E44-860E-85D5672B1192}.Debug|x64.ActiveCfg = Debug|x86
		{799A81CD-025B-4E44-860E-85D5672B1192}.Debug|x86.ActiveCfg = Debug|x86
		{799A81CD-025B-4E44-860E-85D5672B1192}.Debug|x86.Build.0 = Debug|x86
		{799A81CD-025B-4E44-860E-85D5672B1192}.DVD-5|Any CPU.ActiveCfg = Debug|x86
		{799A81CD-025B-4E44-860E-85D5672B1192}.DVD-5|Mixed Platforms.ActiveCfg = Debug|x86
		{799A81CD-025B-4E44-860E-85D5672B1192}.DVD-5|Mixed Platforms.Build.0 = Debug|x86
		{799A81CD-025B-4E44-860E-85D5672B1192}.DVD-5|x64.ActiveCfg = Debug|x86
		{799A81CD-025B-4E44-860E-85D5672B1192}.DVD-5|x86.ActiveCfg = Debug|x86
		{799A81CD-025B-4E44-860E-85D5672B1192}.DVD-5|x86.Build.0 = Debug|x86
		{799A81CD-025B-4E44-860E-85D5672B1192}.Release|Any CPU.ActiveCfg = Release|x86
		{799A81CD-025B-4E44-860E-85D5672B1192}.Release|Mixed Platforms.ActiveCfg = Release|x86
		{799A81CD-025B-4E44-860E-85D5672B1192}.Release|Mixed Platforms.Build.0 = Release|x86
		{799A81CD-025B-4E44-860E-85D5672B1192}.Release|x64.ActiveCfg = Release|x86
		{799A81CD-025B-4E44-860E-85D5672B1192}.Release|x86.ActiveCfg = Release|x86
		{799A81CD-025B-4E44-860E-85D5672B1192}.Release|x86.Build.0 = Release|x86
		{799A81CD-025B-4E44-860E-85D5672B1192}.SingleImage|Any CPU.ActiveCfg = Release|x86
		{799A81CD-025B-4E44-860E-85D5672B1192}.SingleImage|Mixed Platforms.ActiveCfg = Release|x86
		{799A81CD-025B-4E44-860E-85D5672B1192}.SingleImage|Mixed Platforms.Build.0 = Release|x86
		{799A81CD-025B-4E44-860E-85D5672B1192}.SingleImage|x64.ActiveCfg = Release|x86
		{799A81CD-025B-4E44-860E-85D5672B1192}.SingleImage|x86.ActiveCfg = Release|x86
		{799A81CD-025B-4E44-860E-85D5672B1192}.SingleImage|x86.Build.0 = Release|x86
		{9B3CA258-BD89-481F-8CDE-10009A33C445}.CD_ROM|Any CPU.ActiveCfg = CD_ROM
		{9B3CA258-BD89-481F-8CDE-10009A33C445}.CD_ROM|Any CPU.Build.0 = CD_ROM
		{9B3CA258-BD89-481F-8CDE-10009A33C445}.CD_ROM|Mixed Platforms.ActiveCfg = CD_ROM
		{9B3CA258-BD89-481F-8CDE-10009A33C445}.CD_ROM|Mixed Platforms.Build.0 = CD_ROM
		{9B3CA258-BD89-481F-8CDE-10009A33C445}.CD_ROM|x64.ActiveCfg = CD_ROM
		{9B3CA258-BD89-481F-8CDE-10009A33C445}.CD_ROM|x64.Build.0 = CD_ROM
		{9B3CA258-BD89-481F-8CDE-10009A33C445}.CD_ROM|x86.ActiveCfg = CD_ROM
		{9B3CA258-BD89-481F-8CDE-10009A33C445}.CD_ROM|x86.Build.0 = CD_ROM
		{9B3CA258-BD89-481F-8CDE-10009A33C445}.Debug|Any CPU.ActiveCfg = DVD-5
		{9B3CA258-BD89-481F-8CDE-10009A33C445}.Debug|Any CPU.Build.0 = DVD-5
		{9B3CA258-BD89-481F-8CDE-10009A33C445}.Debug|Mixed Platforms.ActiveCfg = DVD-5
		{9B3CA258-BD89-481F-8CDE-10009A33C445}.Debug|Mixed Platforms.Build.0 = DVD-5
		{9B3CA258-BD89-481F-8CDE-10009A33C445}.Debug|x64.ActiveCfg = DVD-5
		{9B3CA258-BD89-481F-8CDE-10009A33C445}.Debug|x64.Build.0 = DVD-5
		{9B3CA258-BD89-481F-8CDE-10009A33C445}.Debug|x86.ActiveCfg = DVD-5
		{9B3CA258-BD89-481F-8CDE-10009A33C445}.Debug|x86.Build.0 = DVD-5
		{9B3CA258-BD89-481F-8CDE-10009A33C445}.DVD-5|Any CPU.ActiveCfg = DVD-5
		{9B3CA258-BD89-481F-8CDE-10009A33C445}.DVD-5|Any CPU.Build.0 = DVD-5
		{9B3CA258-BD89-481F-8CDE-10009A33C445}.DVD-5|Mixed Platforms.ActiveCfg = DVD-5
		{9B3CA258-BD89-481F-8CDE-10009A33C445}.DVD-5|Mixed Platforms.Build.0 = DVD-5
		{9B3CA258-BD89-481F-8CDE-10009A33C445}.DVD-5|x64.ActiveCfg = DVD-5
		{9B3CA258-BD89-481F-8CDE-10009A33C445}.DVD-5|x64.Build.0 = DVD-5
		{9B3CA258-BD89-481F-8CDE-10009A33C445}.DVD-5|x86.ActiveCfg = DVD-5
		{9B3CA258-BD89-481F-8CDE-10009A33C445}.DVD-5|x86.Build.0 = DVD-5
		{9B3CA258-BD89-481F-8CDE-10009A33C445}.Release|Any CPU.ActiveCfg = SingleImage
		{9B3CA258-BD89-481F-8CDE-10009A33C445}.Release|Any CPU.Build.0 = SingleImage
		{9B3CA258-BD89-481F-8CDE-10009A33C445}.Release|Mixed Platforms.ActiveCfg = SingleImage
		{9B3CA258-BD89-481F-8CDE-10009A33C445}.Release|Mixed Platforms.Build.0 = SingleImage
		{9B3CA258-BD89-481F-8CDE-10009A33C445}.Release|x64.ActiveCfg = SingleImage
		{9B3CA258-BD89-481F-8CDE-10009A33C445}.Release|x64.Build.0 = SingleImage
		{9B3CA258-BD89-481F-8CDE-10009A33C445}.Release|x86.ActiveCfg = SingleImage
		{9B3CA258-BD89-481F-8CDE-10009A33C445}.Release|x86.Build.0 = SingleImage
		{9B3CA258-BD89-481F-8CDE-10009A33C445}.SingleImage|Any CPU.ActiveCfg = SingleImage
		{9B3CA258-BD89-481F-8CDE-10009A33C445}.SingleImage|Any CPU.Build.0 = SingleImage
		{9B3CA258-BD89-481F-8CDE-10009A33C445}.SingleImage|Mixed Platforms.ActiveCfg = SingleImage
		{9B3CA258-BD89-481F-8CDE-10009A33C445}.SingleImage|Mixed Platforms.Build.0 = SingleImage
		{9B3CA258-BD89-481F-8CDE-10009A33C445}.SingleImage|x64.ActiveCfg = SingleImage
		{9B3CA258-BD89-481F-8CDE-10009A33C445}.SingleImage|x64.Build.0 = SingleImage
		{9B3CA258-BD89-481F-8CDE-10009A33C445}.SingleImage|x86.ActiveCfg = SingleImage
		{9B3CA258-BD89-481F-8CDE-10009A33C445}.SingleImage|x86.Build.0 = SingleImage
	EndGlobalSection
	GlobalSection(SolutionProperties) = preSolution
		HideSolutionNode = FALSE
	EndGlobalSection
EndGlobal
